// !$*UTF8*$!
{
	archiveVersion = 1;
	classes = {
	};
	objectVersion = 50;
	objects = {

/* Begin PBXBuildFile section */
		C40375E22246BCED00C02743 /* main.cpp in Sources */ = {isa = PBXBuildFile; fileRef = C40375E12246BCED00C02743 /* main.cpp */; };
		C40375F02246C25400C02743 /* SpellChecker.cpp in Sources */ = {isa = PBXBuildFile; fileRef = C40375EE2246C25400C02743 /* SpellChecker.cpp */; };
		C40375F32246CA1500C02743 /* BinaryTree.cpp in Sources */ = {isa = PBXBuildFile; fileRef = C40375F12246CA1500C02743 /* BinaryTree.cpp */; };
/* End PBXBuildFile section */

/* Begin PBXCopyFilesBuildPhase section */
		C40375DC2246BCED00C02743 /* CopyFiles */ = {
			isa = PBXCopyFilesBuildPhase;
			buildActionMask = 2147483647;
			dstPath = /usr/share/man/man1/;
			dstSubfolderSpec = 0;
			files = (
			);
			runOnlyForDeploymentPostprocessing = 1;
		};
/* End PBXCopyFilesBuildPhase section */

/* Begin PBXFileReference section */
		C40375DE2246BCED00C02743 /* DictionarySpellCheck */ = {isa = PBXFileReference; explicitFileType = "compiled.mach-o.executable"; includeInIndex = 0; path = DictionarySpellCheck; sourceTree = BUILT_PRODUCTS_DIR; };
		C40375E12246BCED00C02743 /* main.cpp */ = {isa = PBXFileReference; lastKnownFileType = sourcecode.cpp.cpp; path = main.cpp; sourceTree = "<group>"; };
		C40375E82246BEFA00C02743 /* mispelled.txt */ = {isa = PBXFileReference; fileEncoding = 4; lastKnownFileType = text; path = mispelled.txt; sourceTree = "<group>"; };
		C40375E92246BEFA00C02743 /* correctsample.txt */ = {isa = PBXFileReference; fileEncoding = 4; lastKnownFileType = text; path = correctsample.txt; sourceTree = "<group>"; };
		C40375EA2246BEFA00C02743 /* dictionary.txt */ = {isa = PBXFileReference; fileEncoding = 4; lastKnownFileType = text; path = dictionary.txt; sourceTree = "<group>"; };
		C40375EE2246C25400C02743 /* SpellChecker.cpp */ = {isa = PBXFileReference; lastKnownFileType = sourcecode.cpp.cpp; path = SpellChecker.cpp; sourceTree = "<group>"; };
		C40375EF2246C25400C02743 /* SpellChecker.hpp */ = {isa = PBXFileReference; lastKnownFileType = sourcecode.cpp.h; path = SpellChecker.hpp; sourceTree = "<group>"; };
		C40375F12246CA1500C02743 /* BinaryTree.cpp */ = {isa = PBXFileReference; lastKnownFileType = sourcecode.cpp.cpp; path = BinaryTree.cpp; sourceTree = "<group>"; };
		C40375F22246CA1500C02743 /* BinaryTree.hpp */ = {isa = PBXFileReference; lastKnownFileType = sourcecode.cpp.h; path = BinaryTree.hpp; sourceTree = "<group>"; };
/* End PBXFileReference section */

/* Begin PBXFrameworksBuildPhase section */
		C40375DB2246BCED00C02743 /* Frameworks */ = {
			isa = PBXFrameworksBuildPhase;
			buildActionMask = 2147483647;
			files = (
			);
			runOnlyForDeploymentPostprocessing = 0;
		};
/* End PBXFrameworksBuildPhase section */

/* Begin PBXGroup section */
		C40375D52246BCED00C02743 = {
			isa = PBXGroup;
			children = (
				C40375E02246BCED00C02743 /* DictionarySpellCheck */,
				C40375DF2246BCED00C02743 /* Products */,
			);
			sourceTree = "<group>";
		};
		C40375DF2246BCED00C02743 /* Products */ = {
			isa = PBXGroup;
			children = (
				C40375DE2246BCED00C02743 /* DictionarySpellCheck */,
			);
			name = Products;
			sourceTree = "<group>";
		};
		C40375E02246BCED00C02743 /* DictionarySpellCheck */ = {
			isa = PBXGroup;
			children = (
				C40375E92246BEFA00C02743 /* correctsample.txt */,
				C40375EA2246BEFA00C02743 /* dictionary.txt */,
				C40375E82246BEFA00C02743 /* mispelled.txt */,
				C40375E12246BCED00C02743 /* main.cpp */,
				C40375EE2246C25400C02743 /* SpellChecker.cpp */,
				C40375EF2246C25400C02743 /* SpellChecker.hpp */,
				C40375F12246CA1500C02743 /* BinaryTree.cpp */,
				C40375F22246CA1500C02743 /* BinaryTree.hpp */,
			);
			path = DictionarySpellCheck;
			sourceTree = "<group>";
		};
/* End PBXGroup section */

/* Begin PBXNativeTarget section */
		C40375DD2246BCED00C02743 /* DictionarySpellCheck */ = {
			isa = PBXNativeTarget;
			buildConfigurationList = C40375E52246BCED00C02743 /* Build configuration list for PBXNativeTarget "DictionarySpellCheck" */;
			buildPhases = (
				C40375DA2246BCED00C02743 /* Sources */,
				C40375DB2246BCED00C02743 /* Frameworks */,
				C40375DC2246BCED00C02743 /* CopyFiles */,
			);
			buildRules = (
			);
			dependencies = (
			);
			name = DictionarySpellCheck;
			productName = DictionarySpellCheck;
			productReference = C40375DE2246BCED00C02743 /* DictionarySpellCheck */;
			productType = "com.apple.product-type.tool";
		};
/* End PBXNativeTarget section */

/* Begin PBXProject section */
		C40375D62246BCED00C02743 /* Project object */ = {
			isa = PBXProject;
			attributes = {
				LastUpgradeCheck = 1010;
				ORGANIZATIONNAME = "Michael Gosling";
				TargetAttributes = {
					C40375DD2246BCED00C02743 = {
						CreatedOnToolsVersion = 10.1;
					};
				};
			};
			buildConfigurationList = C40375D92246BCED00C02743 /* Build configuration list for PBXProject "DictionarySpellCheck" */;
			compatibilityVersion = "Xcode 9.3";
			developmentRegion = en;
			hasScannedForEncodings = 0;
			knownRegions = (
				en,
			);
			mainGroup = C40375D52246BCED00C02743;
			productRefGroup = C40375DF2246BCED00C02743 /* Products */;
			projectDirPath = "";
			projectRoot = "";
			targets = (
				C40375DD2246BCED00C02743 /* DictionarySpellCheck */,
			);
		};
/* End PBXProject section */

/* Begin PBXSourcesBuildPhase section */
		C40375DA2246BCED00C02743 /* Sources */ = {
			isa = PBXSourcesBuildPhase;
			buildActionMask = 2147483647;
			files = (
				C40375F02246C25400C02743 /* SpellChecker.cpp in Sources */,
				C40375E22246BCED00C02743 /* main.cpp in Sources */,
				C40375F32246CA1500C02743 /* BinaryTree.cpp in Sources */,
			);
			runOnlyForDeploymentPostprocessing = 0;
		};
/* End PBXSourcesBuildPhase section */

/* Begin XCBuildConfiguration section */
		C40375E32246BCED00C02743 /* Debug */ = {
			isa = XCBuildConfiguration;
			buildSettings = {
				ALWAYS_SEARCH_USER_PATHS = NO;
				CLANG_ANALYZER_NONNULL = YES;
				CLANG_ANALYZER_NUMBER_OBJECT_CONVERSION = YES_AGGRESSIVE;
				CLANG_CXX_LANGUAGE_STANDARD = "gnu++14";
				CLANG_CXX_LIBRARY = "libc++";
				CLANG_ENABLE_MODULES = YES;
				CLANG_ENABLE_OBJC_ARC = YES;
				CLANG_ENABLE_OBJC_WEAK = YES;
				CLANG_WARN_BLOCK_CAPTURE_AUTORELEASING = YES;
				CLANG_WARN_BOOL_CONVERSION = YES;
				CLANG_WARN_COMMA = YES;
				CLANG_WARN_CONSTANT_CONVERSION = YES;
				CLANG_WARN_DEPRECATED_OBJC_IMPLEMENTATIONS = YES;
				CLANG_WARN_DIRECT_OBJC_ISA_USAGE = YES_ERROR;
				CLANG_WARN_DOCUMENTATION_COMMENTS = YES;
				CLANG_WARN_EMPTY_BODY = YES;
				CLANG_WARN_ENUM_CONVERSION = YES;
				CLANG_WARN_INFINITE_RECURSION = YES;
				CLANG_WARN_INT_CONVERSION = YES;
				CLANG_WARN_NON_LITERAL_NULL_CONVERSION = YES;
				CLANG_WARN_OBJC_IMPLICIT_RETAIN_SELF = YES;
				CLANG_WARN_OBJC_LITERAL_CONVERSION = YES;
				CLANG_WARN_OBJC_ROOT_CLASS = YES_ERROR;
				CLANG_WARN_RANGE_LOOP_ANALYSIS = YES;
				CLANG_WARN_STRICT_PROTOTYPES = YES;
				CLANG_WARN_SUSPICIOUS_MOVE = YES;
				CLANG_WARN_UNGUARDED_AVAILABILITY = YES_AGGRESSIVE;
				CLANG_WARN_UNREACHABLE_CODE = YES;
				CLANG_WARN__DUPLICATE_METHOD_MATCH = YES;
				CODE_SIGN_IDENTITY = "-";
				COPY_PHASE_STRIP = NO;
				DEBUG_INFORMATION_FORMAT = dwarf;
				ENABLE_STRICT_OBJC_MSGSEND = YES;
				ENABLE_TESTABILITY = YES;
				GCC_C_LANGUAGE_STANDARD = gnu11;
				GCC_DYNAMIC_NO_PIC = NO;
				GCC_NO_COMMON_BLOCKS = YES;
				GCC_OPTIMIZATION_LEVEL = 0;
				GCC_PREPROCESSOR_DEFINITIONS = (
					"DEBUG=1",
					"$(inherited)",
				);
				GCC_WARN_64_TO_32_BIT_CONVERSION = YES;
				GCC_WARN_ABOUT_RETURN_TYPE = YES_ERROR;
				GCC_WARN_UNDECLARED_SELECTOR = YES;
				GCC_WARN_UNINITIALIZED_AUTOS = YES_AGGRESSIVE;
				GCC_WARN_UNUSED_FUNCTION = YES;
				GCC_WARN_UNUSED_VARIABLE = YES;
				MACOSX_DEPLOYMENT_TARGET = 10.14;
				MTL_ENABLE_DEBUG_INFO = INCLUDE_SOURCE;
				MTL_FAST_MATH = YES;
				ONLY_ACTIVE_ARCH = YES;
				SDKROOT = macosx;
			};
			name = Debug;
		};
		C40375E42246BCED00C02743 /* Release */ = {
			isa = XCBuildConfiguration;
			buildSettings = {
				ALWAYS_SEARCH_USER_PATHS = NO;
				CLANG_ANALYZER_NONNULL = YES;
				CLANG_ANALYZER_NUMBER_OBJECT_CONVERSION = YES_AGGRESSIVE;
				CLANG_CXX_LANGUAGE_STANDARD = "gnu++14";
				CLANG_CXX_LIBRARY = "libc++";
				CLANG_ENABLE_MODULES = YES;
				CLANG_ENABLE_OBJC_ARC = YES;
				CLANG_ENABLE_OBJC_WEAK = YES;
				CLANG_WARN_BLOCK_CAPTURE_AUTORELEASING = YES;
				CLANG_WARN_BOOL_CONVERSION = YES;
				CLANG_WARN_COMMA = YES;
				CLANG_WARN_CONSTANT_CONVERSION = YES;
				CLANG_WARN_DEPRECATED_OBJC_IMPLEMENTATIONS = YES;
				CLANG_WARN_DIRECT_OBJC_ISA_USAGE = YES_ERROR;
				CLANG_WARN_DOCUMENTATION_COMMENTS = YES;
				CLANG_WARN_EMPTY_BODY = YES;
				CLANG_WARN_ENUM_CONVERSION = YES;
				CLANG_WARN_INFINITE_RECURSION = YES;
				CLANG_WARN_INT_CONVERSION = YES;
				CLANG_WARN_NON_LITERAL_NULL_CONVERSION = YES;
				CLANG_WARN_OBJC_IMPLICIT_RETAIN_SELF = YES;
				CLANG_WARN_OBJC_LITERAL_CONVERSION = YES;
				CLANG_WARN_OBJC_ROOT_CLASS = YES_ERROR;
				CLANG_WARN_RANGE_LOOP_ANALYSIS = YES;
				CLANG_WARN_STRICT_PROTOTYPES = YES;
				CLANG_WARN_SUSPICIOUS_MOVE = YES;
				CLANG_WARN_UNGUARDED_AVAILABILITY = YES_AGGRESSIVE;
				CLANG_WARN_UNREACHABLE_CODE = YES;
				CLANG_WARN__DUPLICATE_METHOD_MATCH = YES;
				CODE_SIGN_IDENTITY = "-";
				COPY_PHASE_STRIP = NO;
				DEBUG_INFORMATION_FORMAT = "dwarf-with-dsym";
				ENABLE_NS_ASSERTIONS = NO;
				ENABLE_STRICT_OBJC_MSGSEND = YES;
				GCC_C_LANGUAGE_STANDARD = gnu11;
				GCC_NO_COMMON_BLOCKS = YES;
				GCC_WARN_64_TO_32_BIT_CONVERSION = YES;
				GCC_WARN_ABOUT_RETURN_TYPE = YES_ERROR;
				GCC_WARN_UNDECLARED_SELECTOR = YES;
				GCC_WARN_UNINITIALIZED_AUTOS = YES_AGGRESSIVE;
				GCC_WARN_UNUSED_FUNCTION = YES;
				GCC_WARN_UNUSED_VARIABLE = YES;
				MACOSX_DEPLOYMENT_TARGET = 10.14;
				MTL_ENABLE_DEBUG_INFO = NO;
				MTL_FAST_MATH = YES;
				SDKROOT = macosx;
			};
			name = Release;
		};
		C40375E62246BCED00C02743 /* Debug */ = {
			isa = XCBuildConfiguration;
			buildSettings = {
				CODE_SIGN_STYLE = Automatic;
				PRODUCT_NAME = "$(TARGET_NAME)";
			};
			name = Debug;
		};
		C40375E72246BCED00C02743 /* Release */ = {
			isa = XCBuildConfiguration;
			buildSettings = {
				CODE_SIGN_STYLE = Automatic;
				PRODUCT_NAME = "$(TARGET_NAME)";
			};
			name = Release;
		};
/* End XCBuildConfiguration section */

/* Begin XCConfigurationList section */
		C40375D92246BCED00C02743 /* Build configuration list for PBXProject "DictionarySpellCheck" */ = {
			isa = XCConfigurationList;
			buildConfigurations = (
				C40375E32246BCED00C02743 /* Debug */,
				C40375E42246BCED00C02743 /* Release */,
			);
			defaultConfigurationIsVisible = 0;
			defaultConfigurationName = Release;
		};
		C40375E52246BCED00C02743 /* Build configuration list for PBXNativeTarget "DictionarySpellCheck" */ = {
			isa = XCConfigurationList;
			buildConfigurations = (
				C40375E62246BCED00C02743 /* Debug */,
				C40375E72246BCED00C02743 /* Release */,
			);
			defaultConfigurationIsVisible = 0;
			defaultConfigurationName = Release;
		};
/* End XCConfigurationList section */
	};
	rootObject = C40375D62246BCED00C02743 /* Project object */;
}
